
Microsoft Visual Studio Solution File, Format Version 12.00
# Visual Studio Version 17
VisualStudioVersion = 17.11.35219.272
MinimumVisualStudioVersion = 10.0.40219.1
Project("{FAE04EC0-301F-11D3-BF4B-00C04F79EFBC}") = "MedicalBotApplication", "MedicalBotApplication\MedicalBotApplication.csproj", "{C81C3331-13C0-47E2-AF79-D96FB2BAC28A}"
EndProject
Project("{FAE04EC0-301F-11D3-BF4B-00C04F79EFBC}") = "ClassLibrary", "ClassLibrary\ClassLibrary.csproj", "{A04C81F3-4492-4979-A18A-610BC4AADD83}"
EndProject
Global
	GlobalSection(SolutionConfigurationPlatforms) = preSolution
		Debug|Any CPU = Debug|Any CPU
		Release|Any CPU = Release|Any CPU
	EndGlobalSection
	GlobalSection(ProjectConfigurationPlatforms) = postSolution
		{C81C3331-13C0-47E2-AF79-D96FB2BAC28A}.Debug|Any CPU.ActiveCfg = Debug|Any CPU
		{C81C3331-13C0-47E2-AF79-D96FB2BAC28A}.Debug|Any CPU.Build.0 = Debug|Any CPU
		{C81C3331-13C0-47E2-AF79-D96FB2BAC28A}.Release|Any CPU.ActiveCfg = Release|Any CPU
		{C81C3331-13C0-47E2-AF79-D96FB2BAC28A}.Release|Any CPU.Build.0 = Release|Any CPU
		{A04C81F3-4492-4979-A18A-610BC4AADD83}.Debug|Any CPU.ActiveCfg = Debug|Any CPU
		{A04C81F3-4492-4979-A18A-610BC4AADD83}.Debug|Any CPU.Build.0 = Debug|Any CPU
		{A04C81F3-4492-4979-A18A-610BC4AADD83}.Release|Any CPU.ActiveCfg = Release|Any CPU
		{A04C81F3-4492-4979-A18A-610BC4AADD83}.Release|Any CPU.Build.0 = Release|Any CPU
	EndGlobalSection
	GlobalSection(SolutionProperties) = preSolution
		HideSolutionNode = FALSE
	EndGlobalSection
	GlobalSection(ExtensibilityGlobals) = postSolution
		SolutionGuid = {62D4970A-C756-4385-AE86-FAF3039AC725}
	EndGlobalSection
EndGlobal
